
Microsoft Visual Studio Solution File, Format Version 12.00
# Visual Studio 15
VisualStudioVersion = 15.0.28307.779
MinimumVisualStudioVersion = 10.0.40219.1
Project("{FAE04EC0-301F-11D3-BF4B-00C04F79EFBC}") = "ConsoleApp16", "ConsoleApp16\ConsoleApp16.csproj", "{670CCCDB-D186-4A16-AC12-EAA3CCD2E6D2}"
EndProject
Global
	GlobalSection(SolutionConfigurationPlatforms) = preSolution
		Debug|Any CPU = Debug|Any CPU
		Release|Any CPU = Release|Any CPU
	EndGlobalSection
	GlobalSection(ProjectConfigurationPlatforms) = postSolution
		{670CCCDB-D186-4A16-AC12-EAA3CCD2E6D2}.Debug|Any CPU.ActiveCfg = Debug|Any CPU
		{670CCCDB-D186-4A16-AC12-EAA3CCD2E6D2}.Debug|Any CPU.Build.0 = Debug|Any CPU
		{670CCCDB-D186-4A16-AC12-EAA3CCD2E6D2}.Release|Any CPU.ActiveCfg = Release|Any CPU
		{670CCCDB-D186-4A16-AC12-EAA3CCD2E6D2}.Release|Any CPU.Build.0 = Release|Any CPU
	EndGlobalSection
	GlobalSection(SolutionProperties) = preSolution
		HideSolutionNode = FALSE
	EndGlobalSection
	GlobalSection(ExtensibilityGlobals) = postSolution
		SolutionGuid = {C6411124-5F29-41B0-BD22-8235D3355092}
	EndGlobalSection
EndGlobal
